
Microsoft Visual Studio Solution File, Format Version 12.00
# Visual Studio Version 16
VisualStudioVersion = 16.0.35425.106
MinimumVisualStudioVersion = 10.0.40219.1
Project("{FAE04EC0-301F-11D3-BF4B-00C04F79EFBC}") = "DreamDayWeddingPlanner", "DreamDayWeddingPlanner\DreamDayWeddingPlanner.csproj", "{FAB4C204-C657-4CEF-BDED-75D5E6266C2C}"
EndProject
Global
	GlobalSection(SolutionConfigurationPlatforms) = preSolution
		Debug|Any CPU = Debug|Any CPU
		Release|Any CPU = Release|Any CPU
	EndGlobalSection
	GlobalSection(ProjectConfigurationPlatforms) = postSolution
		{FAB4C204-C657-4CEF-BDED-75D5E6266C2C}.Debug|Any CPU.ActiveCfg = Debug|Any CPU
		{FAB4C204-C657-4CEF-BDED-75D5E6266C2C}.Debug|Any CPU.Build.0 = Debug|Any CPU
		{FAB4C204-C657-4CEF-BDED-75D5E6266C2C}.Release|Any CPU.ActiveCfg = Release|Any CPU
		{FAB4C204-C657-4CEF-BDED-75D5E6266C2C}.Release|Any CPU.Build.0 = Release|Any CPU
	EndGlobalSection
	GlobalSection(SolutionProperties) = preSolution
		HideSolutionNode = FALSE
	EndGlobalSection
	GlobalSection(ExtensibilityGlobals) = postSolution
		SolutionGuid = {1DDD7167-B9EE-4C52-912A-3227710A2C08}
	EndGlobalSection
EndGlobal
